// !$*UTF8*$!
{
	archiveVersion = 1;
	classes = {
	};
	objectVersion = 46;
	objects = {

/* Begin PBXBuildFile section */
		02EC17821D6DEAC4001BFCFC /* ViewController.xib in Resources */ = {isa = PBXBuildFile; fileRef = 02EC17811D6DEAC4001BFCFC /* ViewController.xib */; };
		02EC17841D6DEBCC001BFCFC /* Default-568h@2x.png in Resources */ = {isa = PBXBuildFile; fileRef = 02EC17831D6DEBCC001BFCFC /* Default-568h@2x.png */; };
		63F97C8C1D6AB49B00F06FB1 /* main.m in Sources */ = {isa = PBXBuildFile; fileRef = 63F97C8B1D6AB49B00F06FB1 /* main.m */; };
		63F97C8F1D6AB49B00F06FB1 /* AppDelegate.m in Sources */ = {isa = PBXBuildFile; fileRef = 63F97C8E1D6AB49B00F06FB1 /* AppDelegate.m */; };
		63F97C921D6AB49B00F06FB1 /* ViewController.m in Sources */ = {isa = PBXBuildFile; fileRef = 63F97C911D6AB49B00F06FB1 /* ViewController.m */; };
		63F97C971D6AB49B00F06FB1 /* Assets.xcassets in Resources */ = {isa = PBXBuildFile; fileRef = 63F97C961D6AB49B00F06FB1 /* Assets.xcassets */; };
/* End PBXBuildFile section */

/* Begin PBXFileReference section */
		02EC17811D6DEAC4001BFCFC /* ViewController.xib */ = {isa = PBXFileReference; fileEncoding = 4; lastKnownFileType = file.xib; path = ViewController.xib; sourceTree = "<group>"; };
		02EC17831D6DEBCC001BFCFC /* Default-568h@2x.png */ = {isa = PBXFileReference; lastKnownFileType = image.png; path = "Default-568h@2x.png"; sourceTree = "<group>"; };
		63F97C871D6AB49B00F06FB1 /* instagramClone.app */ = {isa = PBXFileReference; explicitFileType = wrapper.application; includeInIndex = 0; path = instagramClone.app; sourceTree = BUILT_PRODUCTS_DIR; };
		63F97C8B1D6AB49B00F06FB1 /* main.m */ = {isa = PBXFileReference; lastKnownFileType = sourcecode.c.objc; path = main.m; sourceTree = "<group>"; };
		63F97C8D1D6AB49B00F06FB1 /* AppDelegate.h */ = {isa = PBXFileReference; lastKnownFileType = sourcecode.c.h; path = AppDelegate.h; sourceTree = "<group>"; };
		63F97C8E1D6AB49B00F06FB1 /* AppDelegate.m */ = {isa = PBXFileReference; lastKnownFileType = sourcecode.c.objc; path = AppDelegate.m; sourceTree = "<group>"; };
		63F97C901D6AB49B00F06FB1 /* ViewController.h */ = {isa = PBXFileReference; lastKnownFileType = sourcecode.c.h; path = ViewController.h; sourceTree = "<group>"; };
		63F97C911D6AB49B00F06FB1 /* ViewController.m */ = {isa = PBXFileReference; lastKnownFileType = sourcecode.c.objc; path = ViewController.m; sourceTree = "<group>"; };
		63F97C961D6AB49B00F06FB1 /* Assets.xcassets */ = {isa = PBXFileReference; lastKnownFileType = folder.assetcatalog; path = Assets.xcassets; sourceTree = "<group>"; };
		63F97C9B1D6AB49B00F06FB1 /* Info.plist */ = {isa = PBXFileReference; lastKnownFileType = text.plist.xml; path = Info.plist; sourceTree = "<group>"; };
/* End PBXFileReference section */

/* Begin PBXFrameworksBuildPhase section */
		63F97C841D6AB49B00F06FB1 /* Frameworks */ = {
			isa = PBXFrameworksBuildPhase;
			buildActionMask = 2147483647;
			files = (
			);
			runOnlyForDeploymentPostprocessing = 0;
		};
/* End PBXFrameworksBuildPhase section */

/* Begin PBXGroup section */
		63F97C7E1D6AB49B00F06FB1 = {
			isa = PBXGroup;
			children = (
				02EC17831D6DEBCC001BFCFC /* Default-568h@2x.png */,
				63F97C891D6AB49B00F06FB1 /* instagramClone */,
				63F97C881D6AB49B00F06FB1 /* Products */,
			);
			sourceTree = "<group>";
		};
		63F97C881D6AB49B00F06FB1 /* Products */ = {
			isa = PBXGroup;
			children = (
				63F97C871D6AB49B00F06FB1 /* instagramClone.app */,
			);
			name = Products;
			sourceTree = "<group>";
		};
		63F97C891D6AB49B00F06FB1 /* instagramClone */ = {
			isa = PBXGroup;
			children = (
				63F97C961D6AB49B00F06FB1 /* Assets.xcassets */,
				63F97C9B1D6AB49B00F06FB1 /* Info.plist */,
				63F97C8A1D6AB49B00F06FB1 /* Supporting Files */,
				63F97C8D1D6AB49B00F06FB1 /* AppDelegate.h */,
				63F97C8E1D6AB49B00F06FB1 /* AppDelegate.m */,
				63F97C901D6AB49B00F06FB1 /* ViewController.h */,
				63F97C911D6AB49B00F06FB1 /* ViewController.m */,
				02EC17811D6DEAC4001BFCFC /* ViewController.xib */,
			);
			path = instagramClone;
			sourceTree = "<group>";
		};
		63F97C8A1D6AB49B00F06FB1 /* Supporting Files */ = {
			isa = PBXGroup;
			children = (
				63F97C8B1D6AB49B00F06FB1 /* main.m */,
			);
			name = "Supporting Files";
			sourceTree = "<group>";
		};
/* End PBXGroup section */

/* Begin PBXNativeTarget section */
		63F97C861D6AB49B00F06FB1 /* instagramClone */ = {
			isa = PBXNativeTarget;
			buildConfigurationList = 63F97C9E1D6AB49B00F06FB1 /* Build configuration list for PBXNativeTarget "instagramClone" */;
			buildPhases = (
				63F97C831D6AB49B00F06FB1 /* Sources */,
				63F97C841D6AB49B00F06FB1 /* Frameworks */,
				63F97C851D6AB49B00F06FB1 /* Resources */,
			);
			buildRules = (
			);
			dependencies = (
			);
			name = instagramClone;
			productName = instagramClone;
			productReference = 63F97C871D6AB49B00F06FB1 /* instagramClone.app */;
			productType = "com.apple.product-type.application";
		};
/* End PBXNativeTarget section */

/* Begin PBXProject section */
		63F97C7F1D6AB49B00F06FB1 /* Project object */ = {
			isa = PBXProject;
			attributes = {
				LastUpgradeCheck = 0710;
				ORGANIZATIONNAME = "Rnjai Lamba";
				TargetAttributes = {
					63F97C861D6AB49B00F06FB1 = {
						CreatedOnToolsVersion = 7.1.1;
					};
				};
			};
			buildConfigurationList = 63F97C821D6AB49B00F06FB1 /* Build configuration list for PBXProject "instagramClone" */;
			compatibilityVersion = "Xcode 3.2";
			developmentRegion = English;
			hasScannedForEncodings = 0;
			knownRegions = (
				en,
				Base,
			);
			mainGroup = 63F97C7E1D6AB49B00F06FB1;
			productRefGroup = 63F97C881D6AB49B00F06FB1 /* Products */;
			projectDirPath = "";
			projectRoot = "";
			targets = (
				63F97C861D6AB49B00F06FB1 /* instagramClone */,
			);
		};
/* End PBXProject section */

/* Begin PBXResourcesBuildPhase section */
		63F97C851D6AB49B00F06FB1 /* Resources */ = {
			isa = PBXResourcesBuildPhase;
			buildActionMask = 2147483647;
			files = (
				02EC17821D6DEAC4001BFCFC /* ViewController.xib in Resources */,
				63F97C971D6AB49B00F06FB1 /* Assets.xcassets in Resources */,
				02EC17841D6DEBCC001BFCFC /* Default-568h@2x.png in Resources */,
			);
			runOnlyForDeploymentPostprocessing = 0;
		};
/* End PBXResourcesBuildPhase section */

/* Begin PBXSourcesBuildPhase section */
		63F97C831D6AB49B00F06FB1 /* Sources */ = {
			isa = PBXSourcesBuildPhase;
			buildActionMask = 2147483647;
			files = (
				63F97C921D6AB49B00F06FB1 /* ViewController.m in Sources */,
				63F97C8F1D6AB49B00F06FB1 /* AppDelegate.m in Sources */,
				63F97C8C1D6AB49B00F06FB1 /* main.m in Sources */,
			);
			runOnlyForDeploymentPostprocessing = 0;
		};
/* End PBXSourcesBuildPhase section */

/* Begin XCBuildConfiguration section */
		63F97C9C1D6AB49B00F06FB1 /* Debug */ = {
			isa = XCBuildConfiguration;
			buildSettings = {
				ALWAYS_SEARCH_USER_PATHS = NO;
				CLANG_CXX_LANGUAGE_STANDARD = "gnu++0x";
				CLANG_CXX_LIBRARY = "libc++";
				CLANG_ENABLE_MODULES = YES;
				CLANG_ENABLE_OBJC_ARC = YES;
				CLANG_WARN_BOOL_CONVERSION = YES;
				CLANG_WARN_CONSTANT_CONVERSION = YES;
				CLANG_WARN_DIRECT_OBJC_ISA_USAGE = YES_ERROR;
				CLANG_WARN_EMPTY_BODY = YES;
				CLANG_WARN_ENUM_CONVERSION = YES;
				CLANG_WARN_INT_CONVERSION = YES;
				CLANG_WARN_OBJC_ROOT_CLASS = YES_ERROR;
				CLANG_WARN_UNREACHABLE_CODE = YES;
				CLANG_WARN__DUPLICATE_METHOD_MATCH = YES;
				"CODE_SIGN_IDENTITY[sdk=iphoneos*]" = "iPhone Developer";
				COPY_PHASE_STRIP = NO;
				DEBUG_INFORMATION_FORMAT = dwarf;
				ENABLE_STRICT_OBJC_MSGSEND = YES;
				ENABLE_TESTABILITY = YES;
				GCC_C_LANGUAGE_STANDARD = gnu99;
				GCC_DYNAMIC_NO_PIC = NO;
				GCC_NO_COMMON_BLOCKS = YES;
				GCC_OPTIMIZATION_LEVEL = 0;
				GCC_PREPROCESSOR_DEFINITIONS = (
					"DEBUG=1",
					"$(inherited)",
				);
				GCC_WARN_64_TO_32_BIT_CONVERSION = YES;
				GCC_WARN_ABOUT_RETURN_TYPE = YES_ERROR;
				GCC_WARN_UNDECLARED_SELECTOR = YES;
				GCC_WARN_UNINITIALIZED_AUTOS = YES_AGGRESSIVE;
				GCC_WARN_UNUSED_FUNCTION = YES;
				GCC_WARN_UNUSED_VARIABLE = YES;
				IPHONEOS_DEPLOYMENT_TARGET = 9.1;
				MTL_ENABLE_DEBUG_INFO = YES;
				ONLY_ACTIVE_ARCH = YES;
				SDKROOT = iphoneos;
				TARGETED_DEVICE_FAMILY = "1,2";
			};
			name = Debug;
		};
		63F97C9D1D6AB49B00F06FB1 /* Release */ = {
			isa = XCBuildConfiguration;
			buildSettings = {
				ALWAYS_SEARCH_USER_PATHS = NO;
				CLANG_CXX_LANGUAGE_STANDARD = "gnu++0x";
				CLANG_CXX_LIBRARY = "libc++";
				CLANG_ENABLE_MODULES = YES;
				CLANG_ENABLE_OBJC_ARC = YES;
				CLANG_WARN_BOOL_CONVERSION = YES;
				CLANG_WARN_CONSTANT_CONVERSION = YES;
				CLANG_WARN_DIRECT_OBJC_ISA_USAGE = YES_ERROR;
				CLANG_WARN_EMPTY_BODY = YES;
				CLANG_WARN_ENUM_CONVERSION = YES;
				CLANG_WARN_INT_CONVERSION = YES;
				CLANG_WARN_OBJC_ROOT_CLASS = YES_ERROR;
				CLANG_WARN_UNREACHABLE_CODE = YES;
				CLANG_WARN__DUPLICATE_METHOD_MATCH = YES;
				"CODE_SIGN_IDENTITY[sdk=iphoneos*]" = "iPhone Developer";
				COPY_PHASE_STRIP = NO;
				DEBUG_INFORMATION_FORMAT = "dwarf-with-dsym";
				ENABLE_NS_ASSERTIONS = NO;
				ENABLE_STRICT_OBJC_MSGSEND = YES;
				GCC_C_LANGUAGE_STANDARD = gnu99;
				GCC_NO_COMMON_BLOCKS = YES;
				GCC_WARN_64_TO_32_BIT_CONVERSION = YES;
				GCC_WARN_ABOUT_RETURN_TYPE = YES_ERROR;
				GCC_WARN_UNDECLARED_SELECTOR = YES;
				GCC_WARN_UNINITIALIZED_AUTOS = YES_AGGRESSIVE;
				GCC_WARN_UNUSED_FUNCTION = YES;
				GCC_WARN_UNUSED_VARIABLE = YES;
				IPHONEOS_DEPLOYMENT_TARGET = 9.1;
				MTL_ENABLE_DEBUG_INFO = NO;
				SDKROOT = iphoneos;
				TARGETED_DEVICE_FAMILY = "1,2";
				VALIDATE_PRODUCT = YES;
			};
			name = Release;
		};
		63F97C9F1D6AB49B00F06FB1 /* Debug */ = {
			isa = XCBuildConfiguration;
			buildSettings = {
				ASSETCATALOG_COMPILER_APPICON_NAME = AppIcon;
				INFOPLIST_FILE = instagramClone/Info.plist;
				LD_RUNPATH_SEARCH_PATHS = "$(inherited) @executable_path/Frameworks";
				PRODUCT_BUNDLE_IDENTIFIER = com.rnjailamba.instagramClone;
				PRODUCT_NAME = "$(TARGET_NAME)";
			};
			name = Debug;
		};
		63F97CA01D6AB49B00F06FB1 /* Release */ = {
			isa = XCBuildConfiguration;
			buildSettings = {
				ASSETCATALOG_COMPILER_APPICON_NAME = AppIcon;
				INFOPLIST_FILE = instagramClone/Info.plist;
				LD_RUNPATH_SEARCH_PATHS = "$(inherited) @executable_path/Frameworks";
				PRODUCT_BUNDLE_IDENTIFIER = com.rnjailamba.instagramClone;
				PRODUCT_NAME = "$(TARGET_NAME)";
			};
			name = Release;
		};
/* End XCBuildConfiguration section */

/* Begin XCConfigurationList section */
		63F97C821D6AB49B00F06FB1 /* Build configuration list for PBXProject "instagramClone" */ = {
			isa = XCConfigurationList;
			buildConfigurations = (
				63F97C9C1D6AB49B00F06FB1 /* Debug */,
				63F97C9D1D6AB49B00F06FB1 /* Release */,
			);
			defaultConfigurationIsVisible = 0;
			defaultConfigurationName = Release;
		};
		63F97C9E1D6AB49B00F06FB1 /* Build configuration list for PBXNativeTarget "instagramClone" */ = {
			isa = XCConfigurationList;
			buildConfigurations = (
				63F97C9F1D6AB49B00F06FB1 /* Debug */,
				63F97CA01D6AB49B00F06FB1 /* Release */,
			);
			defaultConfigurationIsVisible = 0;
			defaultConfigurationName = Release;
		};
/* End XCConfigurationList section */
	};
	rootObject = 63F97C7F1D6AB49B00F06FB1 /* Project object */;
}
